{
  "version": 4,
  "terraform_version": "1.3.0",
  "serial": 13,
  "lineage": "2aff8f89-edef-f2bc-6f7a-be04e50ae02f",
  "outputs": {},
  "resources": [
    {
      "mode": "managed",
      "type": "helm_release",
      "name": "argocd",
      "provider": "provider[\"registry.terraform.io/hashicorp/helm\"]",
      "instances": [
        {
          "schema_version": 0,
          "attributes": {
            "atomic": false,
            "chart": "argo-cd",
            "cleanup_on_fail": false,
            "create_namespace": true,
            "dependency_update": false,
            "description": null,
            "devel": null,
            "disable_crd_hooks": false,
            "disable_openapi_validation": false,
            "disable_webhooks": false,
            "force_update": false,
            "id": "argocd",
            "keyring": null,
            "lint": false,
            "manifest": null,
            "max_history": 0,
            "metadata": [
              {
                "app_version": "v2.6.1",
                "chart": "argo-cd",
                "name": "argocd",
                "namespace": "argocd",
                "revision": 1,
                "values": "{\"applicationSet\":{\"enabled\":false},\"configs\":{\"params\":{\"server\":{\"insecure\":true}}},\"global\":{\"logging\":{\"level\":\"info\"}}}",
                "version": "5.20.3"
              }
            ],
            "name": "argocd",
            "namespace": "argocd",
            "pass_credentials": false,
            "postrender": [],
            "recreate_pods": false,
            "render_subchart_notes": true,
            "replace": false,
            "repository": "https://argoproj.github.io/argo-helm",
            "repository_ca_file": null,
            "repository_cert_file": null,
            "repository_key_file": null,
            "repository_password": null,
            "repository_username": null,
            "reset_values": false,
            "reuse_values": false,
            "set": [
              {
                "name": "applicationSet.enabled",
                "type": "",
                "value": "false"
              },
              {
                "name": "configs.params.server.insecure",
                "type": "",
                "value": "true"
              },
              {
                "name": "global.logging.level",
                "type": "",
                "value": "info"
              }
            ],
            "set_sensitive": [],
            "skip_crds": false,
            "status": "deployed",
            "timeout": 300,
            "values": null,
            "verify": false,
            "version": "5.20.3",
            "wait": true,
            "wait_for_jobs": false
          },
          "sensitive_attributes": [],
          "private": "bnVsbA=="
        }
      ]
    },
    {
      "mode": "managed",
      "type": "helm_release",
      "name": "argocdapp_nginx",
      "provider": "provider[\"registry.terraform.io/hashicorp/helm\"]",
      "instances": [
        {
          "schema_version": 0,
          "attributes": {
            "atomic": false,
            "chart": "argocd-apps",
            "cleanup_on_fail": false,
            "create_namespace": false,
            "dependency_update": false,
            "description": null,
            "devel": null,
            "disable_crd_hooks": false,
            "disable_openapi_validation": false,
            "disable_webhooks": false,
            "force_update": false,
            "id": "argocdapp-nginx",
            "keyring": null,
            "lint": false,
            "manifest": null,
            "max_history": 0,
            "metadata": [
              {
                "app_version": "",
                "chart": "argocd-apps",
                "name": "argocdapp-nginx",
                "namespace": "argocd",
                "revision": 1,
                "values": "{\"applications\":[{\"destination\":{\"namespace\":\"default\",\"server\":\"https://kubernetes.default.svc\"},\"name\":\"ojt\",\"namespace\":\"argocd\",\"project\":\"default\",\"revisionHistoryLimit\":1,\"sources\":[{\"path\":\"ojt\",\"repoURL\":\"https://github.com/Himalayan-wildcat/terraform-helm-release.git\",\"targetRevision\":\"HEAD\"}],\"syncPolicy\":{\"automated\":{\"allowEmpty\":false,\"prune\":true,\"selfHeal\":true},\"retry\":{\"backoff\":{\"duration\":\"5s\",\"factor\":2,\"maxDuration\":\"3m\"},\"limit\":5},\"syncOptions\":[\"ServerSideApply=true\",\"Validate=true\",\"CreateNamespace=false\",\"ApplyOutOfSyncOnly=true\",\"PrunePropagationPolicy=foreground\",\"PruneLast=true\"]}}]}",
                "version": "0.0.8"
              }
            ],
            "name": "argocdapp-nginx",
            "namespace": "argocd",
            "pass_credentials": false,
            "postrender": [],
            "recreate_pods": false,
            "render_subchart_notes": true,
            "replace": false,
            "repository": "https://argoproj.github.io/argo-helm",
            "repository_ca_file": null,
            "repository_cert_file": null,
            "repository_key_file": null,
            "repository_password": null,
            "repository_username": null,
            "reset_values": false,
            "reuse_values": false,
            "set": [],
            "set_sensitive": [],
            "skip_crds": false,
            "status": "deployed",
            "timeout": 300,
            "values": [
              "applications:\n- name: ojt\n  namespace: argocd\n  project: default\n  sources:\n   - repoURL: https://github.com/Himalayan-wildcat/terraform-helm-release.git\n     path: ojt\n     targetRevision: HEAD\n  destination:\n    server: https://kubernetes.default.svc\n    namespace: default\n  syncPolicy:\n    automated:\n      prune: true\n      selfHeal: true\n      allowEmpty: false\n    retry:\n      limit: 5\n      backoff:\n        duration: 5s\n        factor: 2\n        maxDuration: 3m\n    syncOptions:\n    - ServerSideApply=true\n    - Validate=true\n    - CreateNamespace=false\n    - ApplyOutOfSyncOnly=true\n    - PrunePropagationPolicy=foreground\n    - PruneLast=true\n  revisionHistoryLimit: 1\n  # ignoreDifferences:\n  # - group: apps\n  #   kind: Deployment\n  #   jsonPointers:\n  #   - /spec/replicas\n  # info:\n  # - name: url\n  #   value: https://argoproj.github.io/\n"
            ],
            "verify": false,
            "version": "0.0.8",
            "wait": true,
            "wait_for_jobs": false
          },
          "sensitive_attributes": [],
          "private": "bnVsbA=="
        }
      ]
    },
    {
      "mode": "managed",
      "type": "helm_release",
      "name": "ojt",
      "provider": "provider[\"registry.terraform.io/hashicorp/helm\"]",
      "instances": [
        {
          "schema_version": 0,
          "attributes": {
            "atomic": false,
            "chart": "../../ojt",
            "cleanup_on_fail": false,
            "create_namespace": false,
            "dependency_update": false,
            "description": null,
            "devel": null,
            "disable_crd_hooks": false,
            "disable_openapi_validation": false,
            "disable_webhooks": false,
            "force_update": false,
            "id": "wordpress",
            "keyring": null,
            "lint": false,
            "manifest": null,
            "max_history": 0,
            "metadata": [
              {
                "app_version": "0.1.0",
                "chart": "nginx",
                "name": "wordpress",
                "namespace": "default",
                "revision": 1,
                "values": "{\"affinity\":{},\"image\":{\"pullPolicy\":\"IfNotPresent\",\"repository\":\"nginx\",\"tag\":\"latest\"},\"ingress\":{\"enabled\":false},\"nodeSelector\":{},\"podAnnotations\":{},\"podSecurityContext\":{},\"replicaCount\":1,\"resources\":{},\"securityContext\":{},\"service\":{\"port\":80,\"type\":\"ClusterIP\"},\"serviceAccount\":{\"annotations\":{},\"create\":true},\"tolerations\":[]}",
                "version": "0.1.0"
              }
            ],
            "name": "wordpress",
            "namespace": "default",
            "pass_credentials": false,
            "postrender": [],
            "recreate_pods": false,
            "render_subchart_notes": true,
            "replace": false,
            "repository": null,
            "repository_ca_file": null,
            "repository_cert_file": null,
            "repository_key_file": null,
            "repository_password": null,
            "repository_username": null,
            "reset_values": false,
            "reuse_values": false,
            "set": [],
            "set_sensitive": [],
            "skip_crds": false,
            "status": "deployed",
            "timeout": 300,
            "values": [
              "replicaCount: 1\n\nimage:\n  repository: nginx\n  pullPolicy: IfNotPresent\n  tag: latest\n\nserviceAccount:\n  create: true\n  annotations: {}\npodAnnotations: {}\npodSecurityContext: {}\nsecurityContext: {}\n\nservice:\n  type: ClusterIP\n  port: 80\n\ningress:\n  enabled: false\n\nresources: {}\n\nnodeSelector: {}\n\ntolerations: []\n\naffinity: {}\n"
            ],
            "verify": false,
            "version": "0.1.0",
            "wait": true,
            "wait_for_jobs": false
          },
          "sensitive_attributes": [],
          "private": "bnVsbA=="
        }
      ]
    }
  ],
  "check_results": []
}
